PODS:
  - ChimpKit (3.1.1)
  - GoogleAnalytics-iOS-SDK (3.10):
    - GoogleAnalytics-iOS-SDK/Core (= 3.10)
  - GoogleAnalytics-iOS-SDK/Core (3.10)

DEPENDENCIES:
  - ChimpKit
  - GoogleAnalytics-iOS-SDK

SPEC CHECKSUMS:
  ChimpKit: 23912164ebcad2c0405bf9c748dac317443d9d85
  GoogleAnalytics-iOS-SDK: f422062075d9ccb1ea8d783fc5ba3829461e9502

COCOAPODS: 0.35.0
